
Microsoft Visual Studio Solution File, Format Version 12.00
# Visual Studio Version 17
VisualStudioVersion = 17.5.002.0
MinimumVisualStudioVersion = 10.0.40219.1
Project("{9A19103F-16F7-4668-BE54-9A1E7A4F7556}") = "Prog7312POEST10071737", "Prog7312POEST10071737.csproj", "{22DD67FA-765F-4542-9601-648DBCA182C1}"
EndProject
Global
	GlobalSection(SolutionConfigurationPlatforms) = preSolution
		Debug|Any CPU = Debug|Any CPU
		Release|Any CPU = Release|Any CPU
	EndGlobalSection
	GlobalSection(ProjectConfigurationPlatforms) = postSolution
		{22DD67FA-765F-4542-9601-648DBCA182C1}.Debug|Any CPU.ActiveCfg = Debug|Any CPU
		{22DD67FA-765F-4542-9601-648DBCA182C1}.Debug|Any CPU.Build.0 = Debug|Any CPU
		{22DD67FA-765F-4542-9601-648DBCA182C1}.Release|Any CPU.ActiveCfg = Release|Any CPU
		{22DD67FA-765F-4542-9601-648DBCA182C1}.Release|Any CPU.Build.0 = Release|Any CPU
	EndGlobalSection
	GlobalSection(SolutionProperties) = preSolution
		HideSolutionNode = FALSE
	EndGlobalSection
	GlobalSection(ExtensibilityGlobals) = postSolution
		SolutionGuid = {ACB72CEC-3816-4804-BD0D-1E53B82637A5}
	EndGlobalSection
EndGlobal
